
Microsoft Visual Studio Solution File, Format Version 12.00
# Visual Studio Version 17
VisualStudioVersion = 17.0.31903.59
MinimumVisualStudioVersion = 10.0.40219.1
Project("{2150E333-8FDC-42A3-9474-1A3956D46DE8}") = "src", "src", "{827E0CD3-B72D-47B6-A68D-7590B98EB39B}"
EndProject
Project("{2150E333-8FDC-42A3-9474-1A3956D46DE8}") = "Core", "Core", "{8D626EA8-CB54-BC41-363A-217881BEBA6E}"
EndProject
Project("{FAE04EC0-301F-11D3-BF4B-00C04F79EFBC}") = "CRM_Vivid.Core", "src\Core\CRM_Vivid.Core.csproj", "{3C0B2DDC-AD7C-46E9-A71A-4F4394C79E32}"
EndProject
Project("{2150E333-8FDC-42A3-9474-1A3956D46DE8}") = "Application", "Application", "{22BAF98C-8415-17C4-B26A-D537657BC863}"
EndProject
Project("{FAE04EC0-301F-11D3-BF4B-00C04F79EFBC}") = "CRM_Vivid.Application", "src\Application\CRM_Vivid.Application.csproj", "{5ECCEDC7-9C96-48EC-9B43-1BA82699EB2B}"
EndProject
Project("{2150E333-8FDC-42A3-9474-1A3956D46DE8}") = "Infrastructure", "Infrastructure", "{9048EB7F-3875-A59E-E36B-5BD4C6F2A282}"
EndProject
Project("{FAE04EC0-301F-11D3-BF4B-00C04F79EFBC}") = "CRM_Vivid.Infrastructure", "src\Infrastructure\CRM_Vivid.Infrastructure.csproj", "{6BA9AEB3-F32E-4A88-98B5-89438201FEF4}"
EndProject
Project("{2150E333-8FDC-42A3-9474-1A3956D46DE8}") = "Api", "Api", "{81034408-37C8-1011-444E-4C15C2FADA8E}"
EndProject
Project("{FAE04EC0-301F-11D3-BF4B-00C04F79EFBC}") = "CRM_Vivid.Api", "src\Api\CRM_Vivid.Api.csproj", "{1EC095D6-3D68-493D-BBFA-F25AFB276A17}"
EndProject
Project("{2150E333-8FDC-42A3-9474-1A3956D46DE8}") = "tests", "tests", "{0AB3BF05-4346-4AA6-1389-037BE0695223}"
EndProject
Project("{FAE04EC0-301F-11D3-BF4B-00C04F79EFBC}") = "CRM_Vivid.Application.UnitTests", "tests\CRM_Vivid.Application.UnitTests\CRM_Vivid.Application.UnitTests.csproj", "{07DDBFD8-7F30-4D08-8733-87FE056A905A}"
EndProject
Project("{FAE04EC0-301F-11D3-BF4B-00C04F79EFBC}") = "CRM_Vivid.Infrastructure.UnitTests", "tests\CRM_Vivid.Infrastructure.UnitTests\CRM_Vivid.Infrastructure.UnitTests.csproj", "{4DCEF5FA-D5EB-44F8-A46B-FEB9C933E16D}"
EndProject
Global
	GlobalSection(SolutionConfigurationPlatforms) = preSolution
		Debug|Any CPU = Debug|Any CPU
		Debug|x64 = Debug|x64
		Debug|x86 = Debug|x86
		Release|Any CPU = Release|Any CPU
		Release|x64 = Release|x64
		Release|x86 = Release|x86
	EndGlobalSection
	GlobalSection(ProjectConfigurationPlatforms) = postSolution
		{3C0B2DDC-AD7C-46E9-A71A-4F4394C79E32}.Debug|Any CPU.ActiveCfg = Debug|Any CPU
		{3C0B2DDC-AD7C-46E9-A71A-4F4394C79E32}.Debug|Any CPU.Build.0 = Debug|Any CPU
		{3C0B2DDC-AD7C-46E9-A71A-4F4394C79E32}.Debug|x64.ActiveCfg = Debug|Any CPU
		{3C0B2DDC-AD7C-46E9-A71A-4F4394C79E32}.Debug|x64.Build.0 = Debug|Any CPU
		{3C0B2DDC-AD7C-46E9-A71A-4F4394C79E32}.Debug|x86.ActiveCfg = Debug|Any CPU
		{3C0B2DDC-AD7C-46E9-A71A-4F4394C79E32}.Debug|x86.Build.0 = Debug|Any CPU
		{3C0B2DDC-AD7C-46E9-A71A-4F4394C79E32}.Release|Any CPU.ActiveCfg = Release|Any CPU
		{3C0B2DDC-AD7C-46E9-A71A-4F4394C79E32}.Release|Any CPU.Build.0 = Release|Any CPU
		{3C0B2DDC-AD7C-46E9-A71A-4F4394C79E32}.Release|x64.ActiveCfg = Release|Any CPU
		{3C0B2DDC-AD7C-46E9-A71A-4F4394C79E32}.Release|x64.Build.0 = Release|Any CPU
		{3C0B2DDC-AD7C-46E9-A71A-4F4394C79E32}.Release|x86.ActiveCfg = Release|Any CPU
		{3C0B2DDC-AD7C-46E9-A71A-4F4394C79E32}.Release|x86.Build.0 = Release|Any CPU
		{5ECCEDC7-9C96-48EC-9B43-1BA82699EB2B}.Debug|Any CPU.ActiveCfg = Debug|Any CPU
		{5ECCEDC7-9C96-48EC-9B43-1BA82699EB2B}.Debug|Any CPU.Build.0 = Debug|Any CPU
		{5ECCEDC7-9C96-48EC-9B43-1BA82699EB2B}.Debug|x64.ActiveCfg = Debug|Any CPU
		{5ECCEDC7-9C96-48EC-9B43-1BA82699EB2B}.Debug|x64.Build.0 = Debug|Any CPU
		{5ECCEDC7-9C96-48EC-9B43-1BA82699EB2B}.Debug|x86.ActiveCfg = Debug|Any CPU
		{5ECCEDC7-9C96-48EC-9B43-1BA82699EB2B}.Debug|x86.Build.0 = Debug|Any CPU
		{5ECCEDC7-9C96-48EC-9B43-1BA82699EB2B}.Release|Any CPU.ActiveCfg = Release|Any CPU
		{5ECCEDC7-9C96-48EC-9B43-1BA82699EB2B}.Release|Any CPU.Build.0 = Release|Any CPU
		{5ECCEDC7-9C96-48EC-9B43-1BA82699EB2B}.Release|x64.ActiveCfg = Release|Any CPU
		{5ECCEDC7-9C96-48EC-9B43-1BA82699EB2B}.Release|x64.Build.0 = Release|Any CPU
		{5ECCEDC7-9C96-48EC-9B43-1BA82699EB2B}.Release|x86.ActiveCfg = Release|Any CPU
		{5ECCEDC7-9C96-48EC-9B43-1BA82699EB2B}.Release|x86.Build.0 = Release|Any CPU
		{6BA9AEB3-F32E-4A88-98B5-89438201FEF4}.Debug|Any CPU.ActiveCfg = Debug|Any CPU
		{6BA9AEB3-F32E-4A88-98B5-89438201FEF4}.Debug|Any CPU.Build.0 = Debug|Any CPU
		{6BA9AEB3-F32E-4A88-98B5-89438201FEF4}.Debug|x64.ActiveCfg = Debug|Any CPU
		{6BA9AEB3-F32E-4A88-98B5-89438201FEF4}.Debug|x64.Build.0 = Debug|Any CPU
		{6BA9AEB3-F32E-4A88-98B5-89438201FEF4}.Debug|x86.ActiveCfg = Debug|Any CPU
		{6BA9AEB3-F32E-4A88-98B5-89438201FEF4}.Debug|x86.Build.0 = Debug|Any CPU
		{6BA9AEB3-F32E-4A88-98B5-89438201FEF4}.Release|Any CPU.ActiveCfg = Release|Any CPU
		{6BA9AEB3-F32E-4A88-98B5-89438201FEF4}.Release|Any CPU.Build.0 = Release|Any CPU
		{6BA9AEB3-F32E-4A88-98B5-89438201FEF4}.Release|x64.ActiveCfg = Release|Any CPU
		{6BA9AEB3-F32E-4A88-98B5-89438201FEF4}.Release|x64.Build.0 = Release|Any CPU
		{6BA9AEB3-F32E-4A88-98B5-89438201FEF4}.Release|x86.ActiveCfg = Release|Any CPU
		{6BA9AEB3-F32E-4A88-98B5-89438201FEF4}.Release|x86.Build.0 = Release|Any CPU
		{1EC095D6-3D68-493D-BBFA-F25AFB276A17}.Debug|Any CPU.ActiveCfg = Debug|Any CPU
		{1EC095D6-3D68-493D-BBFA-F25AFB276A17}.Debug|Any CPU.Build.0 = Debug|Any CPU
		{1EC095D6-3D68-493D-BBFA-F25AFB276A17}.Debug|x64.ActiveCfg = Debug|Any CPU
		{1EC095D6-3D68-493D-BBFA-F25AFB276A17}.Debug|x64.Build.0 = Debug|Any CPU
		{1EC095D6-3D68-493D-BBFA-F25AFB276A17}.Debug|x86.ActiveCfg = Debug|Any CPU
		{1EC095D6-3D68-493D-BBFA-F25AFB276A17}.Debug|x86.Build.0 = Debug|Any CPU
		{1EC095D6-3D68-493D-BBFA-F25AFB276A17}.Release|Any CPU.ActiveCfg = Release|Any CPU
		{1EC095D6-3D68-493D-BBFA-F25AFB276A17}.Release|Any CPU.Build.0 = Release|Any CPU
		{1EC095D6-3D68-493D-BBFA-F25AFB276A17}.Release|x64.ActiveCfg = Release|Any CPU
		{1EC095D6-3D68-493D-BBFA-F25AFB276A17}.Release|x64.Build.0 = Release|Any CPU
		{1EC095D6-3D68-493D-BBFA-F25AFB276A17}.Release|x86.ActiveCfg = Release|Any CPU
		{1EC095D6-3D68-493D-BBFA-F25AFB276A17}.Release|x86.Build.0 = Release|Any CPU
		{07DDBFD8-7F30-4D08-8733-87FE056A905A}.Debug|Any CPU.ActiveCfg = Debug|Any CPU
		{07DDBFD8-7F30-4D08-8733-87FE056A905A}.Debug|Any CPU.Build.0 = Debug|Any CPU
		{07DDBFD8-7F30-4D08-8733-87FE056A905A}.Debug|x64.ActiveCfg = Debug|Any CPU
		{07DDBFD8-7F30-4D08-8733-87FE056A905A}.Debug|x64.Build.0 = Debug|Any CPU
		{07DDBFD8-7F30-4D08-8733-87FE056A905A}.Debug|x86.ActiveCfg = Debug|Any CPU
		{07DDBFD8-7F30-4D08-8733-87FE056A905A}.Debug|x86.Build.0 = Debug|Any CPU
		{07DDBFD8-7F30-4D08-8733-87FE056A905A}.Release|Any CPU.ActiveCfg = Release|Any CPU
		{07DDBFD8-7F30-4D08-8733-87FE056A905A}.Release|Any CPU.Build.0 = Release|Any CPU
		{07DDBFD8-7F30-4D08-8733-87FE056A905A}.Release|x64.ActiveCfg = Release|Any CPU
		{07DDBFD8-7F30-4D08-8733-87FE056A905A}.Release|x64.Build.0 = Release|Any CPU
		{07DDBFD8-7F30-4D08-8733-87FE056A905A}.Release|x86.ActiveCfg = Release|Any CPU
		{07DDBFD8-7F30-4D08-8733-87FE056A905A}.Release|x86.Build.0 = Release|Any CPU
		{4DCEF5FA-D5EB-44F8-A46B-FEB9C933E16D}.Debug|Any CPU.ActiveCfg = Debug|Any CPU
		{4DCEF5FA-D5EB-44F8-A46B-FEB9C933E16D}.Debug|Any CPU.Build.0 = Debug|Any CPU
		{4DCEF5FA-D5EB-44F8-A46B-FEB9C933E16D}.Debug|x64.ActiveCfg = Debug|Any CPU
		{4DCEF5FA-D5EB-44F8-A46B-FEB9C933E16D}.Debug|x64.Build.0 = Debug|Any CPU
		{4DCEF5FA-D5EB-44F8-A46B-FEB9C933E16D}.Debug|x86.ActiveCfg = Debug|Any CPU
		{4DCEF5FA-D5EB-44F8-A46B-FEB9C933E16D}.Debug|x86.Build.0 = Debug|Any CPU
		{4DCEF5FA-D5EB-44F8-A46B-FEB9C933E16D}.Release|Any CPU.ActiveCfg = Release|Any CPU
		{4DCEF5FA-D5EB-44F8-A46B-FEB9C933E16D}.Release|Any CPU.Build.0 = Release|Any CPU
		{4DCEF5FA-D5EB-44F8-A46B-FEB9C933E16D}.Release|x64.ActiveCfg = Release|Any CPU
		{4DCEF5FA-D5EB-44F8-A46B-FEB9C933E16D}.Release|x64.Build.0 = Release|Any CPU
		{4DCEF5FA-D5EB-44F8-A46B-FEB9C933E16D}.Release|x86.ActiveCfg = Release|Any CPU
		{4DCEF5FA-D5EB-44F8-A46B-FEB9C933E16D}.Release|x86.Build.0 = Release|Any CPU
	EndGlobalSection
	GlobalSection(SolutionProperties) = preSolution
		HideSolutionNode = FALSE
	EndGlobalSection
	GlobalSection(NestedProjects) = preSolution
		{8D626EA8-CB54-BC41-363A-217881BEBA6E} = {827E0CD3-B72D-47B6-A68D-7590B98EB39B}
		{3C0B2DDC-AD7C-46E9-A71A-4F4394C79E32} = {8D626EA8-CB54-BC41-363A-217881BEBA6E}
		{22BAF98C-8415-17C4-B26A-D537657BC863} = {827E0CD3-B72D-47B6-A68D-7590B98EB39B}
		{5ECCEDC7-9C96-48EC-9B43-1BA82699EB2B} = {22BAF98C-8415-17C4-B26A-D537657BC863}
		{9048EB7F-3875-A59E-E36B-5BD4C6F2A282} = {827E0CD3-B72D-47B6-A68D-7590B98EB39B}
		{6BA9AEB3-F32E-4A88-98B5-89438201FEF4} = {9048EB7F-3875-A59E-E36B-5BD4C6F2A282}
		{81034408-37C8-1011-444E-4C15C2FADA8E} = {827E0CD3-B72D-47B6-A68D-7590B98EB39B}
		{1EC095D6-3D68-493D-BBFA-F25AFB276A17} = {81034408-37C8-1011-444E-4C15C2FADA8E}
		{07DDBFD8-7F30-4D08-8733-87FE056A905A} = {0AB3BF05-4346-4AA6-1389-037BE0695223}
		{4DCEF5FA-D5EB-44F8-A46B-FEB9C933E16D} = {0AB3BF05-4346-4AA6-1389-037BE0695223}
	EndGlobalSection
EndGlobal
